github.com/awslabs/aws-go-multi-module-repository-tools v0.0.0-20260603212750-2fca1f6ec0df h1:6ZfNzoEWQ51JwiU3eQnFfOq3SLkIa6Ro0ilagvLavj8=
github.com/awslabs/aws-go-multi-module-repository-tools v0.0.0-20260603212750-2fca1f6ec0df/go.mod h1:giBOZ1d96hG6V2tW534zAM8maLHmTMZE6wM7UpQ8wrQ=
github.com/pelletier/go-toml v1.9.5 h1:4yBQzkHv+7BHq2PQUZF3Mx0IYxG7LsP222s7Agd3ve8=
github.com/pelletier/go-toml v1.9.5/go.mod h1:u1nR/EPcESfeI/szUZKdtJ0xRNbUoANCkoOuaOx1Y+c=
